// !$*UTF8*$!
{
	archiveVersion = 1;
	classes = {
	};
	objectVersion = 55;
	objects = {

/* Begin PBXBuildFile section */
		F9D209CE27B6440C00B5DF6B /* CachingImagesAPIApp.swift in Sources */ = {isa = PBXBuildFile; fileRef = F9D209CD27B6440C00B5DF6B /* CachingImagesAPIApp.swift */; };
		F9D209D027B6440C00B5DF6B /* ContentView.swift in Sources */ = {isa = PBXBuildFile; fileRef = F9D209CF27B6440C00B5DF6B /* ContentView.swift */; };
		F9D209D227B6440C00B5DF6B /* Assets.xcassets in Resources */ = {isa = PBXBuildFile; fileRef = F9D209D127B6440C00B5DF6B /* Assets.xcassets */; };
		F9D209D527B6440C00B5DF6B /* Preview Assets.xcassets in Resources */ = {isa = PBXBuildFile; fileRef = F9D209D427B6440C00B5DF6B /* Preview Assets.xcassets */; };
		F9D209DE27B6467500B5DF6B /* APIManager.swift in Sources */ = {isa = PBXBuildFile; fileRef = F9D209DD27B6467500B5DF6B /* APIManager.swift */; };
		F9D209E127B658E000B5DF6B /* QueryTag.swift in Sources */ = {isa = PBXBuildFile; fileRef = F9D209E027B658E000B5DF6B /* QueryTag.swift */; };
		F9D209E327B65A9600B5DF6B /* ImageCard.swift in Sources */ = {isa = PBXBuildFile; fileRef = F9D209E227B65A9600B5DF6B /* ImageCard.swift */; };
		F9D209E527B65E7500B5DF6B /* ImageData.json in Resources */ = {isa = PBXBuildFile; fileRef = F9D209E427B65E7500B5DF6B /* ImageData.json */; };
		F9D209E727B65F5600B5DF6B /* ModelData.swift in Sources */ = {isa = PBXBuildFile; fileRef = F9D209E627B65F5600B5DF6B /* ModelData.swift */; };
/* End PBXBuildFile section */

/* Begin PBXFileReference section */
		F9D209CA27B6440C00B5DF6B /* AsyncImagesAPI.app */ = {isa = PBXFileReference; explicitFileType = wrapper.application; includeInIndex = 0; path = AsyncImagesAPI.app; sourceTree = BUILT_PRODUCTS_DIR; };
		F9D209CD27B6440C00B5DF6B /* CachingImagesAPIApp.swift */ = {isa = PBXFileReference; lastKnownFileType = sourcecode.swift; path = CachingImagesAPIApp.swift; sourceTree = "<group>"; };
		F9D209CF27B6440C00B5DF6B /* ContentView.swift */ = {isa = PBXFileReference; lastKnownFileType = sourcecode.swift; path = ContentView.swift; sourceTree = "<group>"; };
		F9D209D127B6440C00B5DF6B /* Assets.xcassets */ = {isa = PBXFileReference; lastKnownFileType = folder.assetcatalog; path = Assets.xcassets; sourceTree = "<group>"; };
		F9D209D427B6440C00B5DF6B /* Preview Assets.xcassets */ = {isa = PBXFileReference; lastKnownFileType = folder.assetcatalog; path = "Preview Assets.xcassets"; sourceTree = "<group>"; };
		F9D209DD27B6467500B5DF6B /* APIManager.swift */ = {isa = PBXFileReference; lastKnownFileType = sourcecode.swift; path = APIManager.swift; sourceTree = "<group>"; };
		F9D209E027B658E000B5DF6B /* QueryTag.swift */ = {isa = PBXFileReference; lastKnownFileType = sourcecode.swift; path = QueryTag.swift; sourceTree = "<group>"; };
		F9D209E227B65A9600B5DF6B /* ImageCard.swift */ = {isa = PBXFileReference; lastKnownFileType = sourcecode.swift; path = ImageCard.swift; sourceTree = "<group>"; };
		F9D209E427B65E7500B5DF6B /* ImageData.json */ = {isa = PBXFileReference; lastKnownFileType = text.json; path = ImageData.json; sourceTree = "<group>"; };
		F9D209E627B65F5600B5DF6B /* ModelData.swift */ = {isa = PBXFileReference; lastKnownFileType = sourcecode.swift; path = ModelData.swift; sourceTree = "<group>"; };
/* End PBXFileReference section */

/* Begin PBXFrameworksBuildPhase section */
		F9D209C727B6440C00B5DF6B /* Frameworks */ = {
			isa = PBXFrameworksBuildPhase;
			buildActionMask = 2147483647;
			files = (
			);
			runOnlyForDeploymentPostprocessing = 0;
		};
/* End PBXFrameworksBuildPhase section */

/* Begin PBXGroup section */
		F9D209C127B6440C00B5DF6B = {
			isa = PBXGroup;
			children = (
				F9D209CC27B6440C00B5DF6B /* AsyncImagesAPI */,
				F9D209CB27B6440C00B5DF6B /* Products */,
			);
			sourceTree = "<group>";
		};
		F9D209CB27B6440C00B5DF6B /* Products */ = {
			isa = PBXGroup;
			children = (
				F9D209CA27B6440C00B5DF6B /* AsyncImagesAPI.app */,
			);
			name = Products;
			sourceTree = "<group>";
		};
		F9D209CC27B6440C00B5DF6B /* AsyncImagesAPI */ = {
			isa = PBXGroup;
			children = (
				F9D209CD27B6440C00B5DF6B /* CachingImagesAPIApp.swift */,
				F9D209DB27B6463D00B5DF6B /* Views */,
				F9D209DC27B6465200B5DF6B /* Managers */,
				F9D209DF27B658C000B5DF6B /* Components */,
				F9D209D127B6440C00B5DF6B /* Assets.xcassets */,
				F9D209D327B6440C00B5DF6B /* Preview Content */,
			);
			path = AsyncImagesAPI;
			sourceTree = "<group>";
		};
		F9D209D327B6440C00B5DF6B /* Preview Content */ = {
			isa = PBXGroup;
			children = (
				F9D209E427B65E7500B5DF6B /* ImageData.json */,
				F9D209E627B65F5600B5DF6B /* ModelData.swift */,
				F9D209D427B6440C00B5DF6B /* Preview Assets.xcassets */,
			);
			path = "Preview Content";
			sourceTree = "<group>";
		};
		F9D209DB27B6463D00B5DF6B /* Views */ = {
			isa = PBXGroup;
			children = (
				F9D209CF27B6440C00B5DF6B /* ContentView.swift */,
			);
			path = Views;
			sourceTree = "<group>";
		};
		F9D209DC27B6465200B5DF6B /* Managers */ = {
			isa = PBXGroup;
			children = (
				F9D209DD27B6467500B5DF6B /* APIManager.swift */,
			);
			path = Managers;
			sourceTree = "<group>";
		};
		F9D209DF27B658C000B5DF6B /* Components */ = {
			isa = PBXGroup;
			children = (
				F9D209E027B658E000B5DF6B /* QueryTag.swift */,
				F9D209E227B65A9600B5DF6B /* ImageCard.swift */,
			);
			path = Components;
			sourceTree = "<group>";
		};
/* End PBXGroup section */

/* Begin PBXNativeTarget section */
		F9D209C927B6440C00B5DF6B /* AsyncImagesAPI */ = {
			isa = PBXNativeTarget;
			buildConfigurationList = F9D209D827B6440C00B5DF6B /* Build configuration list for PBXNativeTarget "AsyncImagesAPI" */;
			buildPhases = (
				F9D209C627B6440C00B5DF6B /* Sources */,
				F9D209C727B6440C00B5DF6B /* Frameworks */,
				F9D209C827B6440C00B5DF6B /* Resources */,
			);
			buildRules = (
			);
			dependencies = (
			);
			name = AsyncImagesAPI;
			productName = CachingImagesAPI;
			productReference = F9D209CA27B6440C00B5DF6B /* AsyncImagesAPI.app */;
			productType = "com.apple.product-type.application";
		};
/* End PBXNativeTarget section */

/* Begin PBXProject section */
		F9D209C227B6440C00B5DF6B /* Project object */ = {
			isa = PBXProject;
			attributes = {
				BuildIndependentTargetsInParallel = 1;
				LastSwiftUpdateCheck = 1320;
				LastUpgradeCheck = 1320;
				TargetAttributes = {
					F9D209C927B6440C00B5DF6B = {
						CreatedOnToolsVersion = 13.2.1;
					};
				};
			};
			buildConfigurationList = F9D209C527B6440C00B5DF6B /* Build configuration list for PBXProject "AsyncImagesAPI" */;
			compatibilityVersion = "Xcode 13.0";
			developmentRegion = en;
			hasScannedForEncodings = 0;
			knownRegions = (
				en,
				Base,
			);
			mainGroup = F9D209C127B6440C00B5DF6B;
			productRefGroup = F9D209CB27B6440C00B5DF6B /* Products */;
			projectDirPath = "";
			projectRoot = "";
			targets = (
				F9D209C927B6440C00B5DF6B /* AsyncImagesAPI */,
			);
		};
/* End PBXProject section */

/* Begin PBXResourcesBuildPhase section */
		F9D209C827B6440C00B5DF6B /* Resources */ = {
			isa = PBXResourcesBuildPhase;
			buildActionMask = 2147483647;
			files = (
				F9D209D527B6440C00B5DF6B /* Preview Assets.xcassets in Resources */,
				F9D209E527B65E7500B5DF6B /* ImageData.json in Resources */,
				F9D209D227B6440C00B5DF6B /* Assets.xcassets in Resources */,
			);
			runOnlyForDeploymentPostprocessing = 0;
		};
/* End PBXResourcesBuildPhase section */

/* Begin PBXSourcesBuildPhase section */
		F9D209C627B6440C00B5DF6B /* Sources */ = {
			isa = PBXSourcesBuildPhase;
			buildActionMask = 2147483647;
			files = (
				F9D209E327B65A9600B5DF6B /* ImageCard.swift in Sources */,
				F9D209DE27B6467500B5DF6B /* APIManager.swift in Sources */,
				F9D209D027B6440C00B5DF6B /* ContentView.swift in Sources */,
				F9D209E127B658E000B5DF6B /* QueryTag.swift in Sources */,
				F9D209CE27B6440C00B5DF6B /* CachingImagesAPIApp.swift in Sources */,
				F9D209E727B65F5600B5DF6B /* ModelData.swift in Sources */,
			);
			runOnlyForDeploymentPostprocessing = 0;
		};
/* End PBXSourcesBuildPhase section */

/* Begin XCBuildConfiguration section */
		F9D209D627B6440C00B5DF6B /* Debug */ = {
			isa = XCBuildConfiguration;
			buildSettings = {
				ALWAYS_SEARCH_USER_PATHS = NO;
				CLANG_ANALYZER_NONNULL = YES;
				CLANG_ANALYZER_NUMBER_OBJECT_CONVERSION = YES_AGGRESSIVE;
				CLANG_CXX_LANGUAGE_STANDARD = "gnu++17";
				CLANG_CXX_LIBRARY = "libc++";
				CLANG_ENABLE_MODULES = YES;
				CLANG_ENABLE_OBJC_ARC = YES;
				CLANG_ENABLE_OBJC_WEAK = YES;
				CLANG_WARN_BLOCK_CAPTURE_AUTORELEASING = YES;
				CLANG_WARN_BOOL_CONVERSION = YES;
				CLANG_WARN_COMMA = YES;
				CLANG_WARN_CONSTANT_CONVERSION = YES;
				CLANG_WARN_DEPRECATED_OBJC_IMPLEMENTATIONS = YES;
				CLANG_WARN_DIRECT_OBJC_ISA_USAGE = YES_ERROR;
				CLANG_WARN_DOCUMENTATION_COMMENTS = YES;
				CLANG_WARN_EMPTY_BODY = YES;
				CLANG_WARN_ENUM_CONVERSION = YES;
				CLANG_WARN_INFINITE_RECURSION = YES;
				CLANG_WARN_INT_CONVERSION = YES;
				CLANG_WARN_NON_LITERAL_NULL_CONVERSION = YES;
				CLANG_WARN_OBJC_IMPLICIT_RETAIN_SELF = YES;
				CLANG_WARN_OBJC_LITERAL_CONVERSION = YES;
				CLANG_WARN_OBJC_ROOT_CLASS = YES_ERROR;
				CLANG_WARN_QUOTED_INCLUDE_IN_FRAMEWORK_HEADER = YES;
				CLANG_WARN_RANGE_LOOP_ANALYSIS = YES;
				CLANG_WARN_STRICT_PROTOTYPES = YES;
				CLANG_WARN_SUSPICIOUS_MOVE = YES;
				CLANG_WARN_UNGUARDED_AVAILABILITY = YES_AGGRESSIVE;
				CLANG_WARN_UNREACHABLE_CODE = YES;
				CLANG_WARN__DUPLICATE_METHOD_MATCH = YES;
				COPY_PHASE_STRIP = NO;
				DEBUG_INFORMATION_FORMAT = dwarf;
				ENABLE_STRICT_OBJC_MSGSEND = YES;
				ENABLE_TESTABILITY = YES;
				GCC_C_LANGUAGE_STANDARD = gnu11;
				GCC_DYNAMIC_NO_PIC = NO;
				GCC_NO_COMMON_BLOCKS = YES;
				GCC_OPTIMIZATION_LEVEL = 0;
				GCC_PREPROCESSOR_DEFINITIONS = (
					"DEBUG=1",
					"$(inherited)",
				);
				GCC_WARN_64_TO_32_BIT_CONVERSION = YES;
				GCC_WARN_ABOUT_RETURN_TYPE = YES_ERROR;
				GCC_WARN_UNDECLARED_SELECTOR = YES;
				GCC_WARN_UNINITIALIZED_AUTOS = YES_AGGRESSIVE;
				GCC_WARN_UNUSED_FUNCTION = YES;
				GCC_WARN_UNUSED_VARIABLE = YES;
				IPHONEOS_DEPLOYMENT_TARGET = 15.2;
				MTL_ENABLE_DEBUG_INFO = INCLUDE_SOURCE;
				MTL_FAST_MATH = YES;
				ONLY_ACTIVE_ARCH = YES;
				SDKROOT = iphoneos;
				SWIFT_ACTIVE_COMPILATION_CONDITIONS = DEBUG;
				SWIFT_OPTIMIZATION_LEVEL = "-Onone";
			};
			name = Debug;
		};
		F9D209D727B6440C00B5DF6B /* Release */ = {
			isa = XCBuildConfiguration;
			buildSettings = {
				ALWAYS_SEARCH_USER_PATHS = NO;
				CLANG_ANALYZER_NONNULL = YES;
				CLANG_ANALYZER_NUMBER_OBJECT_CONVERSION = YES_AGGRESSIVE;
				CLANG_CXX_LANGUAGE_STANDARD = "gnu++17";
				CLANG_CXX_LIBRARY = "libc++";
				CLANG_ENABLE_MODULES = YES;
				CLANG_ENABLE_OBJC_ARC = YES;
				CLANG_ENABLE_OBJC_WEAK = YES;
				CLANG_WARN_BLOCK_CAPTURE_AUTORELEASING = YES;
				CLANG_WARN_BOOL_CONVERSION = YES;
				CLANG_WARN_COMMA = YES;
				CLANG_WARN_CONSTANT_CONVERSION = YES;
				CLANG_WARN_DEPRECATED_OBJC_IMPLEMENTATIONS = YES;
				CLANG_WARN_DIRECT_OBJC_ISA_USAGE = YES_ERROR;
				CLANG_WARN_DOCUMENTATION_COMMENTS = YES;
				CLANG_WARN_EMPTY_BODY = YES;
				CLANG_WARN_ENUM_CONVERSION = YES;
				CLANG_WARN_INFINITE_RECURSION = YES;
				CLANG_WARN_INT_CONVERSION = YES;
				CLANG_WARN_NON_LITERAL_NULL_CONVERSION = YES;
				CLANG_WARN_OBJC_IMPLICIT_RETAIN_SELF = YES;
				CLANG_WARN_OBJC_LITERAL_CONVERSION = YES;
				CLANG_WARN_OBJC_ROOT_CLASS = YES_ERROR;
				CLANG_WARN_QUOTED_INCLUDE_IN_FRAMEWORK_HEADER = YES;
				CLANG_WARN_RANGE_LOOP_ANALYSIS = YES;
				CLANG_WARN_STRICT_PROTOTYPES = YES;
				CLANG_WARN_SUSPICIOUS_MOVE = YES;
				CLANG_WARN_UNGUARDED_AVAILABILITY = YES_AGGRESSIVE;
				CLANG_WARN_UNREACHABLE_CODE = YES;
				CLANG_WARN__DUPLICATE_METHOD_MATCH = YES;
				COPY_PHASE_STRIP = NO;
				DEBUG_INFORMATION_FORMAT = "dwarf-with-dsym";
				ENABLE_NS_ASSERTIONS = NO;
				ENABLE_STRICT_OBJC_MSGSEND = YES;
				GCC_C_LANGUAGE_STANDARD = gnu11;
				GCC_NO_COMMON_BLOCKS = YES;
				GCC_WARN_64_TO_32_BIT_CONVERSION = YES;
				GCC_WARN_ABOUT_RETURN_TYPE = YES_ERROR;
				GCC_WARN_UNDECLARED_SELECTOR = YES;
				GCC_WARN_UNINITIALIZED_AUTOS = YES_AGGRESSIVE;
				GCC_WARN_UNUSED_FUNCTION = YES;
				GCC_WARN_UNUSED_VARIABLE = YES;
				IPHONEOS_DEPLOYMENT_TARGET = 15.2;
				MTL_ENABLE_DEBUG_INFO = NO;
				MTL_FAST_MATH = YES;
				SDKROOT = iphoneos;
				SWIFT_COMPILATION_MODE = wholemodule;
				SWIFT_OPTIMIZATION_LEVEL = "-O";
				VALIDATE_PRODUCT = YES;
			};
			name = Release;
		};
		F9D209D927B6440C00B5DF6B /* Debug */ = {
			isa = XCBuildConfiguration;
			buildSettings = {
				ASSETCATALOG_COMPILER_APPICON_NAME = AppIcon;
				ASSETCATALOG_COMPILER_GLOBAL_ACCENT_COLOR_NAME = AccentColor;
				CODE_SIGN_STYLE = Automatic;
				CURRENT_PROJECT_VERSION = 1;
				DEVELOPMENT_ASSET_PATHS = "\"AsyncImagesAPI/Preview Content\"";
				DEVELOPMENT_TEAM = BM3524Q23U;
				ENABLE_PREVIEWS = YES;
				GENERATE_INFOPLIST_FILE = YES;
				INFOPLIST_KEY_UIApplicationSceneManifest_Generation = YES;
				INFOPLIST_KEY_UIApplicationSupportsIndirectInputEvents = YES;
				INFOPLIST_KEY_UILaunchScreen_Generation = YES;
				INFOPLIST_KEY_UISupportedInterfaceOrientations_iPad = "UIInterfaceOrientationPortrait UIInterfaceOrientationPortraitUpsideDown UIInterfaceOrientationLandscapeLeft UIInterfaceOrientationLandscapeRight";
				INFOPLIST_KEY_UISupportedInterfaceOrientations_iPhone = "UIInterfaceOrientationPortrait UIInterfaceOrientationLandscapeLeft UIInterfaceOrientationLandscapeRight";
				LD_RUNPATH_SEARCH_PATHS = (
					"$(inherited)",
					"@executable_path/Frameworks",
				);
				MARKETING_VERSION = 1.0;
				PRODUCT_BUNDLE_IDENTIFIER = com.marekRoslik.CachingImagesAPI;
				PRODUCT_NAME = AsyncImagesAPI;
				SWIFT_EMIT_LOC_STRINGS = YES;
				SWIFT_VERSION = 5.0;
				TARGETED_DEVICE_FAMILY = "1,2";
			};
			name = Debug;
		};
		F9D209DA27B6440C00B5DF6B /* Release */ = {
			isa = XCBuildConfiguration;
			buildSettings = {
				ASSETCATALOG_COMPILER_APPICON_NAME = AppIcon;
				ASSETCATALOG_COMPILER_GLOBAL_ACCENT_COLOR_NAME = AccentColor;
				CODE_SIGN_STYLE = Automatic;
				CURRENT_PROJECT_VERSION = 1;
				DEVELOPMENT_ASSET_PATHS = "\"AsyncImagesAPI/Preview Content\"";
				DEVELOPMENT_TEAM = BM3524Q23U;
				ENABLE_PREVIEWS = YES;
				GENERATE_INFOPLIST_FILE = YES;
				INFOPLIST_KEY_UIApplicationSceneManifest_Generation = YES;
				INFOPLIST_KEY_UIApplicationSupportsIndirectInputEvents = YES;
				INFOPLIST_KEY_UILaunchScreen_Generation = YES;
				INFOPLIST_KEY_UISupportedInterfaceOrientations_iPad = "UIInterfaceOrientationPortrait UIInterfaceOrientationPortraitUpsideDown UIInterfaceOrientationLandscapeLeft UIInterfaceOrientationLandscapeRight";
				INFOPLIST_KEY_UISupportedInterfaceOrientations_iPhone = "UIInterfaceOrientationPortrait UIInterfaceOrientationLandscapeLeft UIInterfaceOrientationLandscapeRight";
				LD_RUNPATH_SEARCH_PATHS = (
					"$(inherited)",
					"@executable_path/Frameworks",
				);
				MARKETING_VERSION = 1.0;
				PRODUCT_BUNDLE_IDENTIFIER = com.marekRoslik.CachingImagesAPI;
				PRODUCT_NAME = AsyncImagesAPI;
				SWIFT_EMIT_LOC_STRINGS = YES;
				SWIFT_VERSION = 5.0;
				TARGETED_DEVICE_FAMILY = "1,2";
			};
			name = Release;
		};
/* End XCBuildConfiguration section */

/* Begin XCConfigurationList section */
		F9D209C527B6440C00B5DF6B /* Build configuration list for PBXProject "AsyncImagesAPI" */ = {
			isa = XCConfigurationList;
			buildConfigurations = (
				F9D209D627B6440C00B5DF6B /* Debug */,
				F9D209D727B6440C00B5DF6B /* Release */,
			);
			defaultConfigurationIsVisible = 0;
			defaultConfigurationName = Release;
		};
		F9D209D827B6440C00B5DF6B /* Build configuration list for PBXNativeTarget "AsyncImagesAPI" */ = {
			isa = XCConfigurationList;
			buildConfigurations = (
				F9D209D927B6440C00B5DF6B /* Debug */,
				F9D209DA27B6440C00B5DF6B /* Release */,
			);
			defaultConfigurationIsVisible = 0;
			defaultConfigurationName = Release;
		};
/* End XCConfigurationList section */
	};
	rootObject = F9D209C227B6440C00B5DF6B /* Project object */;
}
